// !$*UTF8*$!
{
	archiveVersion = 1;
	classes = {
	};
	objectVersion = 50;
	objects = {

/* Begin PBXBuildFile section */
		F00CC26E2629B66B000DA4A2 /* AppDelegate.swift in Sources */ = {isa = PBXBuildFile; fileRef = F00CC26D2629B66B000DA4A2 /* AppDelegate.swift */; };
		F00CC2702629B66B000DA4A2 /* SceneDelegate.swift in Sources */ = {isa = PBXBuildFile; fileRef = F00CC26F2629B66B000DA4A2 /* SceneDelegate.swift */; };
		F00CC2722629B66B000DA4A2 /* ViewController.swift in Sources */ = {isa = PBXBuildFile; fileRef = F00CC2712629B66B000DA4A2 /* ViewController.swift */; };
		F00CC2752629B66B000DA4A2 /* Main.storyboard in Resources */ = {isa = PBXBuildFile; fileRef = F00CC2732629B66B000DA4A2 /* Main.storyboard */; };
		F00CC2772629B66F000DA4A2 /* Assets.xcassets in Resources */ = {isa = PBXBuildFile; fileRef = F00CC2762629B66F000DA4A2 /* Assets.xcassets */; };
		F00CC27A2629B66F000DA4A2 /* LaunchScreen.storyboard in Resources */ = {isa = PBXBuildFile; fileRef = F00CC2782629B66F000DA4A2 /* LaunchScreen.storyboard */; };
		F00CC2852629B66F000DA4A2 /* BackgroundTests.swift in Sources */ = {isa = PBXBuildFile; fileRef = F00CC2842629B66F000DA4A2 /* BackgroundTests.swift */; };
		F00CC2902629B66F000DA4A2 /* BackgroundUITests.swift in Sources */ = {isa = PBXBuildFile; fileRef = F00CC28F2629B66F000DA4A2 /* BackgroundUITests.swift */; };
/* End PBXBuildFile section */

/* Begin PBXContainerItemProxy section */
		F00CC2812629B66F000DA4A2 /* PBXContainerItemProxy */ = {
			isa = PBXContainerItemProxy;
			containerPortal = F00CC2622629B66B000DA4A2 /* Project object */;
			proxyType = 1;
			remoteGlobalIDString = F00CC2692629B66B000DA4A2;
			remoteInfo = Background;
		};
		F00CC28C2629B66F000DA4A2 /* PBXContainerItemProxy */ = {
			isa = PBXContainerItemProxy;
			containerPortal = F00CC2622629B66B000DA4A2 /* Project object */;
			proxyType = 1;
			remoteGlobalIDString = F00CC2692629B66B000DA4A2;
			remoteInfo = Background;
		};
/* End PBXContainerItemProxy section */

/* Begin PBXFileReference section */
		F00CC26A2629B66B000DA4A2 /* Background.app */ = {isa = PBXFileReference; explicitFileType = wrapper.application; includeInIndex = 0; path = Background.app; sourceTree = BUILT_PRODUCTS_DIR; };
		F00CC26D2629B66B000DA4A2 /* AppDelegate.swift */ = {isa = PBXFileReference; lastKnownFileType = sourcecode.swift; path = AppDelegate.swift; sourceTree = "<group>"; };
		F00CC26F2629B66B000DA4A2 /* SceneDelegate.swift */ = {isa = PBXFileReference; lastKnownFileType = sourcecode.swift; path = SceneDelegate.swift; sourceTree = "<group>"; };
		F00CC2712629B66B000DA4A2 /* ViewController.swift */ = {isa = PBXFileReference; lastKnownFileType = sourcecode.swift; path = ViewController.swift; sourceTree = "<group>"; };
		F00CC2742629B66B000DA4A2 /* Base */ = {isa = PBXFileReference; lastKnownFileType = file.storyboard; name = Base; path = Base.lproj/Main.storyboard; sourceTree = "<group>"; };
		F00CC2762629B66F000DA4A2 /* Assets.xcassets */ = {isa = PBXFileReference; lastKnownFileType = folder.assetcatalog; path = Assets.xcassets; sourceTree = "<group>"; };
		F00CC2792629B66F000DA4A2 /* Base */ = {isa = PBXFileReference; lastKnownFileType = file.storyboard; name = Base; path = Base.lproj/LaunchScreen.storyboard; sourceTree = "<group>"; };
		F00CC27B2629B66F000DA4A2 /* Info.plist */ = {isa = PBXFileReference; lastKnownFileType = text.plist.xml; path = Info.plist; sourceTree = "<group>"; };
		F00CC2802629B66F000DA4A2 /* BackgroundTests.xctest */ = {isa = PBXFileReference; explicitFileType = wrapper.cfbundle; includeInIndex = 0; path = BackgroundTests.xctest; sourceTree = BUILT_PRODUCTS_DIR; };
		F00CC2842629B66F000DA4A2 /* BackgroundTests.swift */ = {isa = PBXFileReference; lastKnownFileType = sourcecode.swift; path = BackgroundTests.swift; sourceTree = "<group>"; };
		F00CC2862629B66F000DA4A2 /* Info.plist */ = {isa = PBXFileReference; lastKnownFileType = text.plist.xml; path = Info.plist; sourceTree = "<group>"; };
		F00CC28B2629B66F000DA4A2 /* BackgroundUITests.xctest */ = {isa = PBXFileReference; explicitFileType = wrapper.cfbundle; includeInIndex = 0; path = BackgroundUITests.xctest; sourceTree = BUILT_PRODUCTS_DIR; };
		F00CC28F2629B66F000DA4A2 /* BackgroundUITests.swift */ = {isa = PBXFileReference; lastKnownFileType = sourcecode.swift; path = BackgroundUITests.swift; sourceTree = "<group>"; };
		F00CC2912629B66F000DA4A2 /* Info.plist */ = {isa = PBXFileReference; lastKnownFileType = text.plist.xml; path = Info.plist; sourceTree = "<group>"; };
/* End PBXFileReference section */

/* Begin PBXFrameworksBuildPhase section */
		F00CC2672629B66B000DA4A2 /* Frameworks */ = {
			isa = PBXFrameworksBuildPhase;
			buildActionMask = 2147483647;
			files = (
			);
			runOnlyForDeploymentPostprocessing = 0;
		};
		F00CC27D2629B66F000DA4A2 /* Frameworks */ = {
			isa = PBXFrameworksBuildPhase;
			buildActionMask = 2147483647;
			files = (
			);
			runOnlyForDeploymentPostprocessing = 0;
		};
		F00CC2882629B66F000DA4A2 /* Frameworks */ = {
			isa = PBXFrameworksBuildPhase;
			buildActionMask = 2147483647;
			files = (
			);
			runOnlyForDeploymentPostprocessing = 0;
		};
/* End PBXFrameworksBuildPhase section */

/* Begin PBXGroup section */
		F00CC2612629B66B000DA4A2 = {
			isa = PBXGroup;
			children = (
				F00CC26C2629B66B000DA4A2 /* Background */,
				F00CC2832629B66F000DA4A2 /* BackgroundTests */,
				F00CC28E2629B66F000DA4A2 /* BackgroundUITests */,
				F00CC26B2629B66B000DA4A2 /* Products */,
			);
			sourceTree = "<group>";
		};
		F00CC26B2629B66B000DA4A2 /* Products */ = {
			isa = PBXGroup;
			children = (
				F00CC26A2629B66B000DA4A2 /* Background.app */,
				F00CC2802629B66F000DA4A2 /* BackgroundTests.xctest */,
				F00CC28B2629B66F000DA4A2 /* BackgroundUITests.xctest */,
			);
			name = Products;
			sourceTree = "<group>";
		};
		F00CC26C2629B66B000DA4A2 /* Background */ = {
			isa = PBXGroup;
			children = (
				F00CC26D2629B66B000DA4A2 /* AppDelegate.swift */,
				F00CC26F2629B66B000DA4A2 /* SceneDelegate.swift */,
				F00CC2712629B66B000DA4A2 /* ViewController.swift */,
				F00CC2732629B66B000DA4A2 /* Main.storyboard */,
				F00CC2762629B66F000DA4A2 /* Assets.xcassets */,
				F00CC2782629B66F000DA4A2 /* LaunchScreen.storyboard */,
				F00CC27B2629B66F000DA4A2 /* Info.plist */,
			);
			path = Background;
			sourceTree = "<group>";
		};
		F00CC2832629B66F000DA4A2 /* BackgroundTests */ = {
			isa = PBXGroup;
			children = (
				F00CC2842629B66F000DA4A2 /* BackgroundTests.swift */,
				F00CC2862629B66F000DA4A2 /* Info.plist */,
			);
			path = BackgroundTests;
			sourceTree = "<group>";
		};
		F00CC28E2629B66F000DA4A2 /* BackgroundUITests */ = {
			isa = PBXGroup;
			children = (
				F00CC28F2629B66F000DA4A2 /* BackgroundUITests.swift */,
				F00CC2912629B66F000DA4A2 /* Info.plist */,
			);
			path = BackgroundUITests;
			sourceTree = "<group>";
		};
/* End PBXGroup section */

/* Begin PBXNativeTarget section */
		F00CC2692629B66B000DA4A2 /* Background */ = {
			isa = PBXNativeTarget;
			buildConfigurationList = F00CC2942629B66F000DA4A2 /* Build configuration list for PBXNativeTarget "Background" */;
			buildPhases = (
				F00CC2662629B66B000DA4A2 /* Sources */,
				F00CC2672629B66B000DA4A2 /* Frameworks */,
				F00CC2682629B66B000DA4A2 /* Resources */,
			);
			buildRules = (
			);
			dependencies = (
			);
			name = Background;
			productName = Background;
			productReference = F00CC26A2629B66B000DA4A2 /* Background.app */;
			productType = "com.apple.product-type.application";
		};
		F00CC27F2629B66F000DA4A2 /* BackgroundTests */ = {
			isa = PBXNativeTarget;
			buildConfigurationList = F00CC2972629B66F000DA4A2 /* Build configuration list for PBXNativeTarget "BackgroundTests" */;
			buildPhases = (
				F00CC27C2629B66F000DA4A2 /* Sources */,
				F00CC27D2629B66F000DA4A2 /* Frameworks */,
				F00CC27E2629B66F000DA4A2 /* Resources */,
			);
			buildRules = (
			);
			dependencies = (
				F00CC2822629B66F000DA4A2 /* PBXTargetDependency */,
			);
			name = BackgroundTests;
			productName = BackgroundTests;
			productReference = F00CC2802629B66F000DA4A2 /* BackgroundTests.xctest */;
			productType = "com.apple.product-type.bundle.unit-test";
		};
		F00CC28A2629B66F000DA4A2 /* BackgroundUITests */ = {
			isa = PBXNativeTarget;
			buildConfigurationList = F00CC29A2629B66F000DA4A2 /* Build configuration list for PBXNativeTarget "BackgroundUITests" */;
			buildPhases = (
				F00CC2872629B66F000DA4A2 /* Sources */,
				F00CC2882629B66F000DA4A2 /* Frameworks */,
				F00CC2892629B66F000DA4A2 /* Resources */,
			);
			buildRules = (
			);
			dependencies = (
				F00CC28D2629B66F000DA4A2 /* PBXTargetDependency */,
			);
			name = BackgroundUITests;
			productName = BackgroundUITests;
			productReference = F00CC28B2629B66F000DA4A2 /* BackgroundUITests.xctest */;
			productType = "com.apple.product-type.bundle.ui-testing";
		};
/* End PBXNativeTarget section */

/* Begin PBXProject section */
		F00CC2622629B66B000DA4A2 /* Project object */ = {
			isa = PBXProject;
			attributes = {
				LastSwiftUpdateCheck = 1240;
				LastUpgradeCheck = 1240;
				TargetAttributes = {
					F00CC2692629B66B000DA4A2 = {
						CreatedOnToolsVersion = 12.4;
					};
					F00CC27F2629B66F000DA4A2 = {
						CreatedOnToolsVersion = 12.4;
						TestTargetID = F00CC2692629B66B000DA4A2;
					};
					F00CC28A2629B66F000DA4A2 = {
						CreatedOnToolsVersion = 12.4;
						TestTargetID = F00CC2692629B66B000DA4A2;
					};
				};
			};
			buildConfigurationList = F00CC2652629B66B000DA4A2 /* Build configuration list for PBXProject "Background" */;
			compatibilityVersion = "Xcode 9.3";
			developmentRegion = en;
			hasScannedForEncodings = 0;
			knownRegions = (
				en,
				Base,
			);
			mainGroup = F00CC2612629B66B000DA4A2;
			productRefGroup = F00CC26B2629B66B000DA4A2 /* Products */;
			projectDirPath = "";
			projectRoot = "";
			targets = (
				F00CC2692629B66B000DA4A2 /* Background */,
				F00CC27F2629B66F000DA4A2 /* BackgroundTests */,
				F00CC28A2629B66F000DA4A2 /* BackgroundUITests */,
			);
		};
/* End PBXProject section */

/* Begin PBXResourcesBuildPhase section */
		F00CC2682629B66B000DA4A2 /* Resources */ = {
			isa = PBXResourcesBuildPhase;
			buildActionMask = 2147483647;
			files = (
				F00CC27A2629B66F000DA4A2 /* LaunchScreen.storyboard in Resources */,
				F00CC2772629B66F000DA4A2 /* Assets.xcassets in Resources */,
				F00CC2752629B66B000DA4A2 /* Main.storyboard in Resources */,
			);
			runOnlyForDeploymentPostprocessing = 0;
		};
		F00CC27E2629B66F000DA4A2 /* Resources */ = {
			isa = PBXResourcesBuildPhase;
			buildActionMask = 2147483647;
			files = (
			);
			runOnlyForDeploymentPostprocessing = 0;
		};
		F00CC2892629B66F000DA4A2 /* Resources */ = {
			isa = PBXResourcesBuildPhase;
			buildActionMask = 2147483647;
			files = (
			);
			runOnlyForDeploymentPostprocessing = 0;
		};
/* End PBXResourcesBuildPhase section */

/* Begin PBXSourcesBuildPhase section */
		F00CC2662629B66B000DA4A2 /* Sources */ = {
			isa = PBXSourcesBuildPhase;
			buildActionMask = 2147483647;
			files = (
				F00CC2722629B66B000DA4A2 /* ViewController.swift in Sources */,
				F00CC26E2629B66B000DA4A2 /* AppDelegate.swift in Sources */,
				F00CC2702629B66B000DA4A2 /* SceneDelegate.swift in Sources */,
			);
			runOnlyForDeploymentPostprocessing = 0;
		};
		F00CC27C2629B66F000DA4A2 /* Sources */ = {
			isa = PBXSourcesBuildPhase;
			buildActionMask = 2147483647;
			files = (
				F00CC2852629B66F000DA4A2 /* BackgroundTests.swift in Sources */,
			);
			runOnlyForDeploymentPostprocessing = 0;
		};
		F00CC2872629B66F000DA4A2 /* Sources */ = {
			isa = PBXSourcesBuildPhase;
			buildActionMask = 2147483647;
			files = (
				F00CC2902629B66F000DA4A2 /* BackgroundUITests.swift in Sources */,
			);
			runOnlyForDeploymentPostprocessing = 0;
		};
/* End PBXSourcesBuildPhase section */

/* Begin PBXTargetDependency section */
		F00CC2822629B66F000DA4A2 /* PBXTargetDependency */ = {
			isa = PBXTargetDependency;
			target = F00CC2692629B66B000DA4A2 /* Background */;
			targetProxy = F00CC2812629B66F000DA4A2 /* PBXContainerItemProxy */;
		};
		F00CC28D2629B66F000DA4A2 /* PBXTargetDependency */ = {
			isa = PBXTargetDependency;
			target = F00CC2692629B66B000DA4A2 /* Background */;
			targetProxy = F00CC28C2629B66F000DA4A2 /* PBXContainerItemProxy */;
		};
/* End PBXTargetDependency section */

/* Begin PBXVariantGroup section */
		F00CC2732629B66B000DA4A2 /* Main.storyboard */ = {
			isa = PBXVariantGroup;
			children = (
				F00CC2742629B66B000DA4A2 /* Base */,
			);
			name = Main.storyboard;
			sourceTree = "<group>";
		};
		F00CC2782629B66F000DA4A2 /* LaunchScreen.storyboard */ = {
			isa = PBXVariantGroup;
			children = (
				F00CC2792629B66F000DA4A2 /* Base */,
			);
			name = LaunchScreen.storyboard;
			sourceTree = "<group>";
		};
/* End PBXVariantGroup section */

/* Begin XCBuildConfiguration section */
		F00CC2922629B66F000DA4A2 /* Debug */ = {
			isa = XCBuildConfiguration;
			buildSettings = {
				ALWAYS_SEARCH_USER_PATHS = NO;
				CLANG_ANALYZER_NONNULL = YES;
				CLANG_ANALYZER_NUMBER_OBJECT_CONVERSION = YES_AGGRESSIVE;
				CLANG_CXX_LANGUAGE_STANDARD = "gnu++14";
				CLANG_CXX_LIBRARY = "libc++";
				CLANG_ENABLE_MODULES = YES;
				CLANG_ENABLE_OBJC_ARC = YES;
				CLANG_ENABLE_OBJC_WEAK = YES;
				CLANG_WARN_BLOCK_CAPTURE_AUTORELEASING = YES;
				CLANG_WARN_BOOL_CONVERSION = YES;
				CLANG_WARN_COMMA = YES;
				CLANG_WARN_CONSTANT_CONVERSION = YES;
				CLANG_WARN_DEPRECATED_OBJC_IMPLEMENTATIONS = YES;
				CLANG_WARN_DIRECT_OBJC_ISA_USAGE = YES_ERROR;
				CLANG_WARN_DOCUMENTATION_COMMENTS = YES;
				CLANG_WARN_EMPTY_BODY = YES;
				CLANG_WARN_ENUM_CONVERSION = YES;
				CLANG_WARN_INFINITE_RECURSION = YES;
				CLANG_WARN_INT_CONVERSION = YES;
				CLANG_WARN_NON_LITERAL_NULL_CONVERSION = YES;
				CLANG_WARN_OBJC_IMPLICIT_RETAIN_SELF = YES;
				CLANG_WARN_OBJC_LITERAL_CONVERSION = YES;
				CLANG_WARN_OBJC_ROOT_CLASS = YES_ERROR;
				CLANG_WARN_QUOTED_INCLUDE_IN_FRAMEWORK_HEADER = YES;
				CLANG_WARN_RANGE_LOOP_ANALYSIS = YES;
				CLANG_WARN_STRICT_PROTOTYPES = YES;
				CLANG_WARN_SUSPICIOUS_MOVE = YES;
				CLANG_WARN_UNGUARDED_AVAILABILITY = YES_AGGRESSIVE;
				CLANG_WARN_UNREACHABLE_CODE = YES;
				CLANG_WARN__DUPLICATE_METHOD_MATCH = YES;
				COPY_PHASE_STRIP = NO;
				DEBUG_INFORMATION_FORMAT = dwarf;
				ENABLE_STRICT_OBJC_MSGSEND = YES;
				ENABLE_TESTABILITY = YES;
				GCC_C_LANGUAGE_STANDARD = gnu11;
				GCC_DYNAMIC_NO_PIC = NO;
				GCC_NO_COMMON_BLOCKS = YES;
				GCC_OPTIMIZATION_LEVEL = 0;
				GCC_PREPROCESSOR_DEFINITIONS = (
					"DEBUG=1",
					"$(inherited)",
				);
				GCC_WARN_64_TO_32_BIT_CONVERSION = YES;
				GCC_WARN_ABOUT_RETURN_TYPE = YES_ERROR;
				GCC_WARN_UNDECLARED_SELECTOR = YES;
				GCC_WARN_UNINITIALIZED_AUTOS = YES_AGGRESSIVE;
				GCC_WARN_UNUSED_FUNCTION = YES;
				GCC_WARN_UNUSED_VARIABLE = YES;
				IPHONEOS_DEPLOYMENT_TARGET = 14.4;
				MTL_ENABLE_DEBUG_INFO = INCLUDE_SOURCE;
				MTL_FAST_MATH = YES;
				ONLY_ACTIVE_ARCH = YES;
				SDKROOT = iphoneos;
				SWIFT_ACTIVE_COMPILATION_CONDITIONS = DEBUG;
				SWIFT_OPTIMIZATION_LEVEL = "-Onone";
			};
			name = Debug;
		};
		F00CC2932629B66F000DA4A2 /* Release */ = {
			isa = XCBuildConfiguration;
			buildSettings = {
				ALWAYS_SEARCH_USER_PATHS = NO;
				CLANG_ANALYZER_NONNULL = YES;
				CLANG_ANALYZER_NUMBER_OBJECT_CONVERSION = YES_AGGRESSIVE;
				CLANG_CXX_LANGUAGE_STANDARD = "gnu++14";
				CLANG_CXX_LIBRARY = "libc++";
				CLANG_ENABLE_MODULES = YES;
				CLANG_ENABLE_OBJC_ARC = YES;
				CLANG_ENABLE_OBJC_WEAK = YES;
				CLANG_WARN_BLOCK_CAPTURE_AUTORELEASING = YES;
				CLANG_WARN_BOOL_CONVERSION = YES;
				CLANG_WARN_COMMA = YES;
				CLANG_WARN_CONSTANT_CONVERSION = YES;
				CLANG_WARN_DEPRECATED_OBJC_IMPLEMENTATIONS = YES;
				CLANG_WARN_DIRECT_OBJC_ISA_USAGE = YES_ERROR;
				CLANG_WARN_DOCUMENTATION_COMMENTS = YES;
				CLANG_WARN_EMPTY_BODY = YES;
				CLANG_WARN_ENUM_CONVERSION = YES;
				CLANG_WARN_INFINITE_RECURSION = YES;
				CLANG_WARN_INT_CONVERSION = YES;
				CLANG_WARN_NON_LITERAL_NULL_CONVERSION = YES;
				CLANG_WARN_OBJC_IMPLICIT_RETAIN_SELF = YES;
				CLANG_WARN_OBJC_LITERAL_CONVERSION = YES;
				CLANG_WARN_OBJC_ROOT_CLASS = YES_ERROR;
				CLANG_WARN_QUOTED_INCLUDE_IN_FRAMEWORK_HEADER = YES;
				CLANG_WARN_RANGE_LOOP_ANALYSIS = YES;
				CLANG_WARN_STRICT_PROTOTYPES = YES;
				CLANG_WARN_SUSPICIOUS_MOVE = YES;
				CLANG_WARN_UNGUARDED_AVAILABILITY = YES_AGGRESSIVE;
				CLANG_WARN_UNREACHABLE_CODE = YES;
				CLANG_WARN__DUPLICATE_METHOD_MATCH = YES;
				COPY_PHASE_STRIP = NO;
				DEBUG_INFORMATION_FORMAT = "dwarf-with-dsym";
				ENABLE_NS_ASSERTIONS = NO;
				ENABLE_STRICT_OBJC_MSGSEND = YES;
				GCC_C_LANGUAGE_STANDARD = gnu11;
				GCC_NO_COMMON_BLOCKS = YES;
				GCC_WARN_64_TO_32_BIT_CONVERSION = YES;
				GCC_WARN_ABOUT_RETURN_TYPE = YES_ERROR;
				GCC_WARN_UNDECLARED_SELECTOR = YES;
				GCC_WARN_UNINITIALIZED_AUTOS = YES_AGGRESSIVE;
				GCC_WARN_UNUSED_FUNCTION = YES;
				GCC_WARN_UNUSED_VARIABLE = YES;
				IPHONEOS_DEPLOYMENT_TARGET = 14.4;
				MTL_ENABLE_DEBUG_INFO = NO;
				MTL_FAST_MATH = YES;
				SDKROOT = iphoneos;
				SWIFT_COMPILATION_MODE = wholemodule;
				SWIFT_OPTIMIZATION_LEVEL = "-O";
				VALIDATE_PRODUCT = YES;
			};
			name = Release;
		};
		F00CC2952629B66F000DA4A2 /* Debug */ = {
			isa = XCBuildConfiguration;
			buildSettings = {
				ASSETCATALOG_COMPILER_APPICON_NAME = AppIcon;
				ASSETCATALOG_COMPILER_GLOBAL_ACCENT_COLOR_NAME = AccentColor;
				CODE_SIGN_STYLE = Automatic;
				DEVELOPMENT_TEAM = 4R25Z36454;
				INFOPLIST_FILE = Background/Info.plist;
				LD_RUNPATH_SEARCH_PATHS = (
					"$(inherited)",
					"@executable_path/Frameworks",
				);
				PRODUCT_BUNDLE_IDENTIFIER = com.hornsandhooves.Background;
				PRODUCT_NAME = "$(TARGET_NAME)";
				SWIFT_VERSION = 5.0;
				TARGETED_DEVICE_FAMILY = "1,2";
			};
			name = Debug;
		};
		F00CC2962629B66F000DA4A2 /* Release */ = {
			isa = XCBuildConfiguration;
			buildSettings = {
				ASSETCATALOG_COMPILER_APPICON_NAME = AppIcon;
				ASSETCATALOG_COMPILER_GLOBAL_ACCENT_COLOR_NAME = AccentColor;
				CODE_SIGN_STYLE = Automatic;
				DEVELOPMENT_TEAM = 4R25Z36454;
				INFOPLIST_FILE = Background/Info.plist;
				LD_RUNPATH_SEARCH_PATHS = (
					"$(inherited)",
					"@executable_path/Frameworks",
				);
				PRODUCT_BUNDLE_IDENTIFIER = com.hornsandhooves.Background;
				PRODUCT_NAME = "$(TARGET_NAME)";
				SWIFT_VERSION = 5.0;
				TARGETED_DEVICE_FAMILY = "1,2";
			};
			name = Release;
		};
		F00CC2982629B66F000DA4A2 /* Debug */ = {
			isa = XCBuildConfiguration;
			buildSettings = {
				ALWAYS_EMBED_SWIFT_STANDARD_LIBRARIES = YES;
				BUNDLE_LOADER = "$(TEST_HOST)";
				CODE_SIGN_STYLE = Automatic;
				DEVELOPMENT_TEAM = 4R25Z36454;
				INFOPLIST_FILE = BackgroundTests/Info.plist;
				IPHONEOS_DEPLOYMENT_TARGET = 14.4;
				LD_RUNPATH_SEARCH_PATHS = (
					"$(inherited)",
					"@executable_path/Frameworks",
					"@loader_path/Frameworks",
				);
				PRODUCT_BUNDLE_IDENTIFIER = com.hornsandhooves.BackgroundTests;
				PRODUCT_NAME = "$(TARGET_NAME)";
				SWIFT_VERSION = 5.0;
				TARGETED_DEVICE_FAMILY = "1,2";
				TEST_HOST = "$(BUILT_PRODUCTS_DIR)/Background.app/Background";
			};
			name = Debug;
		};
		F00CC2992629B66F000DA4A2 /* Release */ = {
			isa = XCBuildConfiguration;
			buildSettings = {
				ALWAYS_EMBED_SWIFT_STANDARD_LIBRARIES = YES;
				BUNDLE_LOADER = "$(TEST_HOST)";
				CODE_SIGN_STYLE = Automatic;
				DEVELOPMENT_TEAM = 4R25Z36454;
				INFOPLIST_FILE = BackgroundTests/Info.plist;
				IPHONEOS_DEPLOYMENT_TARGET = 14.4;
				LD_RUNPATH_SEARCH_PATHS = (
					"$(inherited)",
					"@executable_path/Frameworks",
					"@loader_path/Frameworks",
				);
				PRODUCT_BUNDLE_IDENTIFIER = com.hornsandhooves.BackgroundTests;
				PRODUCT_NAME = "$(TARGET_NAME)";
				SWIFT_VERSION = 5.0;
				TARGETED_DEVICE_FAMILY = "1,2";
				TEST_HOST = "$(BUILT_PRODUCTS_DIR)/Background.app/Background";
			};
			name = Release;
		};
		F00CC29B2629B66F000DA4A2 /* Debug */ = {
			isa = XCBuildConfiguration;
			buildSettings = {
				ALWAYS_EMBED_SWIFT_STANDARD_LIBRARIES = YES;
				CODE_SIGN_STYLE = Automatic;
				DEVELOPMENT_TEAM = 4R25Z36454;
				INFOPLIST_FILE = BackgroundUITests/Info.plist;
				LD_RUNPATH_SEARCH_PATHS = (
					"$(inherited)",
					"@executable_path/Frameworks",
					"@loader_path/Frameworks",
				);
				PRODUCT_BUNDLE_IDENTIFIER = com.hornsandhooves.BackgroundUITests;
				PRODUCT_NAME = "$(TARGET_NAME)";
				SWIFT_VERSION = 5.0;
				TARGETED_DEVICE_FAMILY = "1,2";
				TEST_TARGET_NAME = Background;
			};
			name = Debug;
		};
		F00CC29C2629B66F000DA4A2 /* Release */ = {
			isa = XCBuildConfiguration;
			buildSettings = {
				ALWAYS_EMBED_SWIFT_STANDARD_LIBRARIES = YES;
				CODE_SIGN_STYLE = Automatic;
				DEVELOPMENT_TEAM = 4R25Z36454;
				INFOPLIST_FILE = BackgroundUITests/Info.plist;
				LD_RUNPATH_SEARCH_PATHS = (
					"$(inherited)",
					"@executable_path/Frameworks",
					"@loader_path/Frameworks",
				);
				PRODUCT_BUNDLE_IDENTIFIER = com.hornsandhooves.BackgroundUITests;
				PRODUCT_NAME = "$(TARGET_NAME)";
				SWIFT_VERSION = 5.0;
				TARGETED_DEVICE_FAMILY = "1,2";
				TEST_TARGET_NAME = Background;
			};
			name = Release;
		};
/* End XCBuildConfiguration section */

/* Begin XCConfigurationList section */
		F00CC2652629B66B000DA4A2 /* Build configuration list for PBXProject "Background" */ = {
			isa = XCConfigurationList;
			buildConfigurations = (
				F00CC2922629B66F000DA4A2 /* Debug */,
				F00CC2932629B66F000DA4A2 /* Release */,
			);
			defaultConfigurationIsVisible = 0;
			defaultConfigurationName = Release;
		};
		F00CC2942629B66F000DA4A2 /* Build configuration list for PBXNativeTarget "Background" */ = {
			isa = XCConfigurationList;
			buildConfigurations = (
				F00CC2952629B66F000DA4A2 /* Debug */,
				F00CC2962629B66F000DA4A2 /* Release */,
			);
			defaultConfigurationIsVisible = 0;
			defaultConfigurationName = Release;
		};
		F00CC2972629B66F000DA4A2 /* Build configuration list for PBXNativeTarget "BackgroundTests" */ = {
			isa = XCConfigurationList;
			buildConfigurations = (
				F00CC2982629B66F000DA4A2 /* Debug */,
				F00CC2992629B66F000DA4A2 /* Release */,
			);
			defaultConfigurationIsVisible = 0;
			defaultConfigurationName = Release;
		};
		F00CC29A2629B66F000DA4A2 /* Build configuration list for PBXNativeTarget "BackgroundUITests" */ = {
			isa = XCConfigurationList;
			buildConfigurations = (
				F00CC29B2629B66F000DA4A2 /* Debug */,
				F00CC29C2629B66F000DA4A2 /* Release */,
			);
			defaultConfigurationIsVisible = 0;
			defaultConfigurationName = Release;
		};
/* End XCConfigurationList section */
	};
	rootObject = F00CC2622629B66B000DA4A2 /* Project object */;
}
